// !$*UTF8*$!
{
	archiveVersion = 1;
	classes = {
	};
	objectVersion = 50;
	objects = {

/* Begin PBXBuildFile section */
		1A85A44E23EBAB92009C8982 /* AppDelegate.swift in Sources */ = {isa = PBXBuildFile; fileRef = 1A85A44D23EBAB92009C8982 /* AppDelegate.swift */; };
		1A85A45023EBAB92009C8982 /* SceneDelegate.swift in Sources */ = {isa = PBXBuildFile; fileRef = 1A85A44F23EBAB92009C8982 /* SceneDelegate.swift */; };
		1A85A45223EBAB92009C8982 /* ViewController.swift in Sources */ = {isa = PBXBuildFile; fileRef = 1A85A45123EBAB92009C8982 /* ViewController.swift */; };
		1A85A45523EBAB92009C8982 /* Main.storyboard in Resources */ = {isa = PBXBuildFile; fileRef = 1A85A45323EBAB92009C8982 /* Main.storyboard */; };
		1A85A45723EBAB94009C8982 /* Assets.xcassets in Resources */ = {isa = PBXBuildFile; fileRef = 1A85A45623EBAB94009C8982 /* Assets.xcassets */; };
		1A85A45A23EBAB94009C8982 /* LaunchScreen.storyboard in Resources */ = {isa = PBXBuildFile; fileRef = 1A85A45823EBAB94009C8982 /* LaunchScreen.storyboard */; };
		1A85A46523EBAB94009C8982 /* testHoverButtonTests.swift in Sources */ = {isa = PBXBuildFile; fileRef = 1A85A46423EBAB94009C8982 /* testHoverButtonTests.swift */; };
		1A85A47023EBAB94009C8982 /* testHoverButtonUITests.swift in Sources */ = {isa = PBXBuildFile; fileRef = 1A85A46F23EBAB94009C8982 /* testHoverButtonUITests.swift */; };
/* End PBXBuildFile section */

/* Begin PBXContainerItemProxy section */
		1A85A46123EBAB94009C8982 /* PBXContainerItemProxy */ = {
			isa = PBXContainerItemProxy;
			containerPortal = 1A85A44223EBAB92009C8982 /* Project object */;
			proxyType = 1;
			remoteGlobalIDString = 1A85A44923EBAB92009C8982;
			remoteInfo = testHoverButton;
		};
		1A85A46C23EBAB94009C8982 /* PBXContainerItemProxy */ = {
			isa = PBXContainerItemProxy;
			containerPortal = 1A85A44223EBAB92009C8982 /* Project object */;
			proxyType = 1;
			remoteGlobalIDString = 1A85A44923EBAB92009C8982;
			remoteInfo = testHoverButton;
		};
/* End PBXContainerItemProxy section */

/* Begin PBXFileReference section */
		1A85A44A23EBAB92009C8982 /* testHoverButton.app */ = {isa = PBXFileReference; explicitFileType = wrapper.application; includeInIndex = 0; path = testHoverButton.app; sourceTree = BUILT_PRODUCTS_DIR; };
		1A85A44D23EBAB92009C8982 /* AppDelegate.swift */ = {isa = PBXFileReference; lastKnownFileType = sourcecode.swift; path = AppDelegate.swift; sourceTree = "<group>"; };
		1A85A44F23EBAB92009C8982 /* SceneDelegate.swift */ = {isa = PBXFileReference; lastKnownFileType = sourcecode.swift; path = SceneDelegate.swift; sourceTree = "<group>"; };
		1A85A45123EBAB92009C8982 /* ViewController.swift */ = {isa = PBXFileReference; lastKnownFileType = sourcecode.swift; path = ViewController.swift; sourceTree = "<group>"; };
		1A85A45423EBAB92009C8982 /* Base */ = {isa = PBXFileReference; lastKnownFileType = file.storyboard; name = Base; path = Base.lproj/Main.storyboard; sourceTree = "<group>"; };
		1A85A45623EBAB94009C8982 /* Assets.xcassets */ = {isa = PBXFileReference; lastKnownFileType = folder.assetcatalog; path = Assets.xcassets; sourceTree = "<group>"; };
		1A85A45923EBAB94009C8982 /* Base */ = {isa = PBXFileReference; lastKnownFileType = file.storyboard; name = Base; path = Base.lproj/LaunchScreen.storyboard; sourceTree = "<group>"; };
		1A85A45B23EBAB94009C8982 /* Info.plist */ = {isa = PBXFileReference; lastKnownFileType = text.plist.xml; path = Info.plist; sourceTree = "<group>"; };
		1A85A46023EBAB94009C8982 /* testHoverButtonTests.xctest */ = {isa = PBXFileReference; explicitFileType = wrapper.cfbundle; includeInIndex = 0; path = testHoverButtonTests.xctest; sourceTree = BUILT_PRODUCTS_DIR; };
		1A85A46423EBAB94009C8982 /* testHoverButtonTests.swift */ = {isa = PBXFileReference; lastKnownFileType = sourcecode.swift; path = testHoverButtonTests.swift; sourceTree = "<group>"; };
		1A85A46623EBAB94009C8982 /* Info.plist */ = {isa = PBXFileReference; lastKnownFileType = text.plist.xml; path = Info.plist; sourceTree = "<group>"; };
		1A85A46B23EBAB94009C8982 /* testHoverButtonUITests.xctest */ = {isa = PBXFileReference; explicitFileType = wrapper.cfbundle; includeInIndex = 0; path = testHoverButtonUITests.xctest; sourceTree = BUILT_PRODUCTS_DIR; };
		1A85A46F23EBAB94009C8982 /* testHoverButtonUITests.swift */ = {isa = PBXFileReference; lastKnownFileType = sourcecode.swift; path = testHoverButtonUITests.swift; sourceTree = "<group>"; };
		1A85A47123EBAB94009C8982 /* Info.plist */ = {isa = PBXFileReference; lastKnownFileType = text.plist.xml; path = Info.plist; sourceTree = "<group>"; };
/* End PBXFileReference section */

/* Begin PBXFrameworksBuildPhase section */
		1A85A44723EBAB92009C8982 /* Frameworks */ = {
			isa = PBXFrameworksBuildPhase;
			buildActionMask = 2147483647;
			files = (
			);
			runOnlyForDeploymentPostprocessing = 0;
		};
		1A85A45D23EBAB94009C8982 /* Frameworks */ = {
			isa = PBXFrameworksBuildPhase;
			buildActionMask = 2147483647;
			files = (
			);
			runOnlyForDeploymentPostprocessing = 0;
		};
		1A85A46823EBAB94009C8982 /* Frameworks */ = {
			isa = PBXFrameworksBuildPhase;
			buildActionMask = 2147483647;
			files = (
			);
			runOnlyForDeploymentPostprocessing = 0;
		};
/* End PBXFrameworksBuildPhase section */

/* Begin PBXGroup section */
		1A85A44123EBAB92009C8982 = {
			isa = PBXGroup;
			children = (
				1A85A44C23EBAB92009C8982 /* testHoverButton */,
				1A85A46323EBAB94009C8982 /* testHoverButtonTests */,
				1A85A46E23EBAB94009C8982 /* testHoverButtonUITests */,
				1A85A44B23EBAB92009C8982 /* Products */,
			);
			sourceTree = "<group>";
		};
		1A85A44B23EBAB92009C8982 /* Products */ = {
			isa = PBXGroup;
			children = (
				1A85A44A23EBAB92009C8982 /* testHoverButton.app */,
				1A85A46023EBAB94009C8982 /* testHoverButtonTests.xctest */,
				1A85A46B23EBAB94009C8982 /* testHoverButtonUITests.xctest */,
			);
			name = Products;
			sourceTree = "<group>";
		};
		1A85A44C23EBAB92009C8982 /* testHoverButton */ = {
			isa = PBXGroup;
			children = (
				1A85A44D23EBAB92009C8982 /* AppDelegate.swift */,
				1A85A44F23EBAB92009C8982 /* SceneDelegate.swift */,
				1A85A45123EBAB92009C8982 /* ViewController.swift */,
				1A85A45323EBAB92009C8982 /* Main.storyboard */,
				1A85A45623EBAB94009C8982 /* Assets.xcassets */,
				1A85A45823EBAB94009C8982 /* LaunchScreen.storyboard */,
				1A85A45B23EBAB94009C8982 /* Info.plist */,
			);
			path = testHoverButton;
			sourceTree = "<group>";
		};
		1A85A46323EBAB94009C8982 /* testHoverButtonTests */ = {
			isa = PBXGroup;
			children = (
				1A85A46423EBAB94009C8982 /* testHoverButtonTests.swift */,
				1A85A46623EBAB94009C8982 /* Info.plist */,
			);
			path = testHoverButtonTests;
			sourceTree = "<group>";
		};
		1A85A46E23EBAB94009C8982 /* testHoverButtonUITests */ = {
			isa = PBXGroup;
			children = (
				1A85A46F23EBAB94009C8982 /* testHoverButtonUITests.swift */,
				1A85A47123EBAB94009C8982 /* Info.plist */,
			);
			path = testHoverButtonUITests;
			sourceTree = "<group>";
		};
/* End PBXGroup section */

/* Begin PBXNativeTarget section */
		1A85A44923EBAB92009C8982 /* testHoverButton */ = {
			isa = PBXNativeTarget;
			buildConfigurationList = 1A85A47423EBAB94009C8982 /* Build configuration list for PBXNativeTarget "testHoverButton" */;
			buildPhases = (
				1A85A44623EBAB92009C8982 /* Sources */,
				1A85A44723EBAB92009C8982 /* Frameworks */,
				1A85A44823EBAB92009C8982 /* Resources */,
			);
			buildRules = (
			);
			dependencies = (
			);
			name = testHoverButton;
			productName = testHoverButton;
			productReference = 1A85A44A23EBAB92009C8982 /* testHoverButton.app */;
			productType = "com.apple.product-type.application";
		};
		1A85A45F23EBAB94009C8982 /* testHoverButtonTests */ = {
			isa = PBXNativeTarget;
			buildConfigurationList = 1A85A47723EBAB94009C8982 /* Build configuration list for PBXNativeTarget "testHoverButtonTests" */;
			buildPhases = (
				1A85A45C23EBAB94009C8982 /* Sources */,
				1A85A45D23EBAB94009C8982 /* Frameworks */,
				1A85A45E23EBAB94009C8982 /* Resources */,
			);
			buildRules = (
			);
			dependencies = (
				1A85A46223EBAB94009C8982 /* PBXTargetDependency */,
			);
			name = testHoverButtonTests;
			productName = testHoverButtonTests;
			productReference = 1A85A46023EBAB94009C8982 /* testHoverButtonTests.xctest */;
			productType = "com.apple.product-type.bundle.unit-test";
		};
		1A85A46A23EBAB94009C8982 /* testHoverButtonUITests */ = {
			isa = PBXNativeTarget;
			buildConfigurationList = 1A85A47A23EBAB94009C8982 /* Build configuration list for PBXNativeTarget "testHoverButtonUITests" */;
			buildPhases = (
				1A85A46723EBAB94009C8982 /* Sources */,
				1A85A46823EBAB94009C8982 /* Frameworks */,
				1A85A46923EBAB94009C8982 /* Resources */,
			);
			buildRules = (
			);
			dependencies = (
				1A85A46D23EBAB94009C8982 /* PBXTargetDependency */,
			);
			name = testHoverButtonUITests;
			productName = testHoverButtonUITests;
			productReference = 1A85A46B23EBAB94009C8982 /* testHoverButtonUITests.xctest */;
			productType = "com.apple.product-type.bundle.ui-testing";
		};
/* End PBXNativeTarget section */

/* Begin PBXProject section */
		1A85A44223EBAB92009C8982 /* Project object */ = {
			isa = PBXProject;
			attributes = {
				LastSwiftUpdateCheck = 1110;
				LastUpgradeCheck = 1110;
				ORGANIZATIONNAME = "James Tang";
				TargetAttributes = {
					1A85A44923EBAB92009C8982 = {
						CreatedOnToolsVersion = 11.1;
					};
					1A85A45F23EBAB94009C8982 = {
						CreatedOnToolsVersion = 11.1;
						TestTargetID = 1A85A44923EBAB92009C8982;
					};
					1A85A46A23EBAB94009C8982 = {
						CreatedOnToolsVersion = 11.1;
						TestTargetID = 1A85A44923EBAB92009C8982;
					};
				};
			};
			buildConfigurationList = 1A85A44523EBAB92009C8982 /* Build configuration list for PBXProject "testHoverButton" */;
			compatibilityVersion = "Xcode 9.3";
			developmentRegion = en;
			hasScannedForEncodings = 0;
			knownRegions = (
				en,
				Base,
			);
			mainGroup = 1A85A44123EBAB92009C8982;
			productRefGroup = 1A85A44B23EBAB92009C8982 /* Products */;
			projectDirPath = "";
			projectRoot = "";
			targets = (
				1A85A44923EBAB92009C8982 /* testHoverButton */,
				1A85A45F23EBAB94009C8982 /* testHoverButtonTests */,
				1A85A46A23EBAB94009C8982 /* testHoverButtonUITests */,
			);
		};
/* End PBXProject section */

/* Begin PBXResourcesBuildPhase section */
		1A85A44823EBAB92009C8982 /* Resources */ = {
			isa = PBXResourcesBuildPhase;
			buildActionMask = 2147483647;
			files = (
				1A85A45A23EBAB94009C8982 /* LaunchScreen.storyboard in Resources */,
				1A85A45723EBAB94009C8982 /* Assets.xcassets in Resources */,
				1A85A45523EBAB92009C8982 /* Main.storyboard in Resources */,
			);
			runOnlyForDeploymentPostprocessing = 0;
		};
		1A85A45E23EBAB94009C8982 /* Resources */ = {
			isa = PBXResourcesBuildPhase;
			buildActionMask = 2147483647;
			files = (
			);
			runOnlyForDeploymentPostprocessing = 0;
		};
		1A85A46923EBAB94009C8982 /* Resources */ = {
			isa = PBXResourcesBuildPhase;
			buildActionMask = 2147483647;
			files = (
			);
			runOnlyForDeploymentPostprocessing = 0;
		};
/* End PBXResourcesBuildPhase section */

/* Begin PBXSourcesBuildPhase section */
		1A85A44623EBAB92009C8982 /* Sources */ = {
			isa = PBXSourcesBuildPhase;
			buildActionMask = 2147483647;
			files = (
				1A85A45223EBAB92009C8982 /* ViewController.swift in Sources */,
				1A85A44E23EBAB92009C8982 /* AppDelegate.swift in Sources */,
				1A85A45023EBAB92009C8982 /* SceneDelegate.swift in Sources */,
			);
			runOnlyForDeploymentPostprocessing = 0;
		};
		1A85A45C23EBAB94009C8982 /* Sources */ = {
			isa = PBXSourcesBuildPhase;
			buildActionMask = 2147483647;
			files = (
				1A85A46523EBAB94009C8982 /* testHoverButtonTests.swift in Sources */,
			);
			runOnlyForDeploymentPostprocessing = 0;
		};
		1A85A46723EBAB94009C8982 /* Sources */ = {
			isa = PBXSourcesBuildPhase;
			buildActionMask = 2147483647;
			files = (
				1A85A47023EBAB94009C8982 /* testHoverButtonUITests.swift in Sources */,
			);
			runOnlyForDeploymentPostprocessing = 0;
		};
/* End PBXSourcesBuildPhase section */

/* Begin PBXTargetDependency section */
		1A85A46223EBAB94009C8982 /* PBXTargetDependency */ = {
			isa = PBXTargetDependency;
			target = 1A85A44923EBAB92009C8982 /* testHoverButton */;
			targetProxy = 1A85A46123EBAB94009C8982 /* PBXContainerItemProxy */;
		};
		1A85A46D23EBAB94009C8982 /* PBXTargetDependency */ = {
			isa = PBXTargetDependency;
			target = 1A85A44923EBAB92009C8982 /* testHoverButton */;
			targetProxy = 1A85A46C23EBAB94009C8982 /* PBXContainerItemProxy */;
		};
/* End PBXTargetDependency section */

/* Begin PBXVariantGroup section */
		1A85A45323EBAB92009C8982 /* Main.storyboard */ = {
			isa = PBXVariantGroup;
			children = (
				1A85A45423EBAB92009C8982 /* Base */,
			);
			name = Main.storyboard;
			sourceTree = "<group>";
		};
		1A85A45823EBAB94009C8982 /* LaunchScreen.storyboard */ = {
			isa = PBXVariantGroup;
			children = (
				1A85A45923EBAB94009C8982 /* Base */,
			);
			name = LaunchScreen.storyboard;
			sourceTree = "<group>";
		};
/* End PBXVariantGroup section */

/* Begin XCBuildConfiguration section */
		1A85A47223EBAB94009C8982 /* Debug */ = {
			isa = XCBuildConfiguration;
			buildSettings = {
				ALWAYS_SEARCH_USER_PATHS = NO;
				CLANG_ANALYZER_NONNULL = YES;
				CLANG_ANALYZER_NUMBER_OBJECT_CONVERSION = YES_AGGRESSIVE;
				CLANG_CXX_LANGUAGE_STANDARD = "gnu++14";
				CLANG_CXX_LIBRARY = "libc++";
				CLANG_ENABLE_MODULES = YES;
				CLANG_ENABLE_OBJC_ARC = YES;
				CLANG_ENABLE_OBJC_WEAK = YES;
				CLANG_WARN_BLOCK_CAPTURE_AUTORELEASING = YES;
				CLANG_WARN_BOOL_CONVERSION = YES;
				CLANG_WARN_COMMA = YES;
				CLANG_WARN_CONSTANT_CONVERSION = YES;
				CLANG_WARN_DEPRECATED_OBJC_IMPLEMENTATIONS = YES;
				CLANG_WARN_DIRECT_OBJC_ISA_USAGE = YES_ERROR;
				CLANG_WARN_DOCUMENTATION_COMMENTS = YES;
				CLANG_WARN_EMPTY_BODY = YES;
				CLANG_WARN_ENUM_CONVERSION = YES;
				CLANG_WARN_INFINITE_RECURSION = YES;
				CLANG_WARN_INT_CONVERSION = YES;
				CLANG_WARN_NON_LITERAL_NULL_CONVERSION = YES;
				CLANG_WARN_OBJC_IMPLICIT_RETAIN_SELF = YES;
				CLANG_WARN_OBJC_LITERAL_CONVERSION = YES;
				CLANG_WARN_OBJC_ROOT_CLASS = YES_ERROR;
				CLANG_WARN_RANGE_LOOP_ANALYSIS = YES;
				CLANG_WARN_STRICT_PROTOTYPES = YES;
				CLANG_WARN_SUSPICIOUS_MOVE = YES;
				CLANG_WARN_UNGUARDED_AVAILABILITY = YES_AGGRESSIVE;
				CLANG_WARN_UNREACHABLE_CODE = YES;
				CLANG_WARN__DUPLICATE_METHOD_MATCH = YES;
				COPY_PHASE_STRIP = NO;
				DEBUG_INFORMATION_FORMAT = dwarf;
				ENABLE_STRICT_OBJC_MSGSEND = YES;
				ENABLE_TESTABILITY = YES;
				GCC_C_LANGUAGE_STANDARD = gnu11;
				GCC_DYNAMIC_NO_PIC = NO;
				GCC_NO_COMMON_BLOCKS = YES;
				GCC_OPTIMIZATION_LEVEL = 0;
				GCC_PREPROCESSOR_DEFINITIONS = (
					"DEBUG=1",
					"$(inherited)",
				);
				GCC_WARN_64_TO_32_BIT_CONVERSION = YES;
				GCC_WARN_ABOUT_RETURN_TYPE = YES_ERROR;
				GCC_WARN_UNDECLARED_SELECTOR = YES;
				GCC_WARN_UNINITIALIZED_AUTOS = YES_AGGRESSIVE;
				GCC_WARN_UNUSED_FUNCTION = YES;
				GCC_WARN_UNUSED_VARIABLE = YES;
				IPHONEOS_DEPLOYMENT_TARGET = 13.1;
				MTL_ENABLE_DEBUG_INFO = INCLUDE_SOURCE;
				MTL_FAST_MATH = YES;
				ONLY_ACTIVE_ARCH = YES;
				SDKROOT = iphoneos;
				SWIFT_ACTIVE_COMPILATION_CONDITIONS = DEBUG;
				SWIFT_OPTIMIZATION_LEVEL = "-Onone";
			};
			name = Debug;
		};
		1A85A47323EBAB94009C8982 /* Release */ = {
			isa = XCBuildConfiguration;
			buildSettings = {
				ALWAYS_SEARCH_USER_PATHS = NO;
				CLANG_ANALYZER_NONNULL = YES;
				CLANG_ANALYZER_NUMBER_OBJECT_CONVERSION = YES_AGGRESSIVE;
				CLANG_CXX_LANGUAGE_STANDARD = "gnu++14";
				CLANG_CXX_LIBRARY = "libc++";
				CLANG_ENABLE_MODULES = YES;
				CLANG_ENABLE_OBJC_ARC = YES;
				CLANG_ENABLE_OBJC_WEAK = YES;
				CLANG_WARN_BLOCK_CAPTURE_AUTORELEASING = YES;
				CLANG_WARN_BOOL_CONVERSION = YES;
				CLANG_WARN_COMMA = YES;
				CLANG_WARN_CONSTANT_CONVERSION = YES;
				CLANG_WARN_DEPRECATED_OBJC_IMPLEMENTATIONS = YES;
				CLANG_WARN_DIRECT_OBJC_ISA_USAGE = YES_ERROR;
				CLANG_WARN_DOCUMENTATION_COMMENTS = YES;
				CLANG_WARN_EMPTY_BODY = YES;
				CLANG_WARN_ENUM_CONVERSION = YES;
				CLANG_WARN_INFINITE_RECURSION = YES;
				CLANG_WARN_INT_CONVERSION = YES;
				CLANG_WARN_NON_LITERAL_NULL_CONVERSION = YES;
				CLANG_WARN_OBJC_IMPLICIT_RETAIN_SELF = YES;
				CLANG_WARN_OBJC_LITERAL_CONVERSION = YES;
				CLANG_WARN_OBJC_ROOT_CLASS = YES_ERROR;
				CLANG_WARN_RANGE_LOOP_ANALYSIS = YES;
				CLANG_WARN_STRICT_PROTOTYPES = YES;
				CLANG_WARN_SUSPICIOUS_MOVE = YES;
				CLANG_WARN_UNGUARDED_AVAILABILITY = YES_AGGRESSIVE;
				CLANG_WARN_UNREACHABLE_CODE = YES;
				CLANG_WARN__DUPLICATE_METHOD_MATCH = YES;
				COPY_PHASE_STRIP = NO;
				DEBUG_INFORMATION_FORMAT = "dwarf-with-dsym";
				ENABLE_NS_ASSERTIONS = NO;
				ENABLE_STRICT_OBJC_MSGSEND = YES;
				GCC_C_LANGUAGE_STANDARD = gnu11;
				GCC_NO_COMMON_BLOCKS = YES;
				GCC_WARN_64_TO_32_BIT_CONVERSION = YES;
				GCC_WARN_ABOUT_RETURN_TYPE = YES_ERROR;
				GCC_WARN_UNDECLARED_SELECTOR = YES;
				GCC_WARN_UNINITIALIZED_AUTOS = YES_AGGRESSIVE;
				GCC_WARN_UNUSED_FUNCTION = YES;
				GCC_WARN_UNUSED_VARIABLE = YES;
				IPHONEOS_DEPLOYMENT_TARGET = 13.1;
				MTL_ENABLE_DEBUG_INFO = NO;
				MTL_FAST_MATH = YES;
				SDKROOT = iphoneos;
				SWIFT_COMPILATION_MODE = wholemodule;
				SWIFT_OPTIMIZATION_LEVEL = "-O";
				VALIDATE_PRODUCT = YES;
			};
			name = Release;
		};
		1A85A47523EBAB94009C8982 /* Debug */ = {
			isa = XCBuildConfiguration;
			buildSettings = {
				ASSETCATALOG_COMPILER_APPICON_NAME = AppIcon;
				CODE_SIGN_STYLE = Automatic;
				INFOPLIST_FILE = testHoverButton/Info.plist;
				LD_RUNPATH_SEARCH_PATHS = (
					"$(inherited)",
					"@executable_path/Frameworks",
				);
				PRODUCT_BUNDLE_IDENTIFIER = com.goodnotes.testHoverButton;
				PRODUCT_NAME = "$(TARGET_NAME)";
				SWIFT_VERSION = 5.0;
				TARGETED_DEVICE_FAMILY = "1,2";
			};
			name = Debug;
		};
		1A85A47623EBAB94009C8982 /* Release */ = {
			isa = XCBuildConfiguration;
			buildSettings = {
				ASSETCATALOG_COMPILER_APPICON_NAME = AppIcon;
				CODE_SIGN_STYLE = Automatic;
				INFOPLIST_FILE = testHoverButton/Info.plist;
				LD_RUNPATH_SEARCH_PATHS = (
					"$(inherited)",
					"@executable_path/Frameworks",
				);
				PRODUCT_BUNDLE_IDENTIFIER = com.goodnotes.testHoverButton;
				PRODUCT_NAME = "$(TARGET_NAME)";
				SWIFT_VERSION = 5.0;
				TARGETED_DEVICE_FAMILY = "1,2";
			};
			name = Release;
		};
		1A85A47823EBAB94009C8982 /* Debug */ = {
			isa = XCBuildConfiguration;
			buildSettings = {
				ALWAYS_EMBED_SWIFT_STANDARD_LIBRARIES = YES;
				BUNDLE_LOADER = "$(TEST_HOST)";
				CODE_SIGN_STYLE = Automatic;
				INFOPLIST_FILE = testHoverButtonTests/Info.plist;
				IPHONEOS_DEPLOYMENT_TARGET = 13.1;
				LD_RUNPATH_SEARCH_PATHS = (
					"$(inherited)",
					"@executable_path/Frameworks",
					"@loader_path/Frameworks",
				);
				PRODUCT_BUNDLE_IDENTIFIER = com.goodnotes.testHoverButtonTests;
				PRODUCT_NAME = "$(TARGET_NAME)";
				SWIFT_VERSION = 5.0;
				TARGETED_DEVICE_FAMILY = "1,2";
				TEST_HOST = "$(BUILT_PRODUCTS_DIR)/testHoverButton.app/testHoverButton";
			};
			name = Debug;
		};
		1A85A47923EBAB94009C8982 /* Release */ = {
			isa = XCBuildConfiguration;
			buildSettings = {
				ALWAYS_EMBED_SWIFT_STANDARD_LIBRARIES = YES;
				BUNDLE_LOADER = "$(TEST_HOST)";
				CODE_SIGN_STYLE = Automatic;
				INFOPLIST_FILE = testHoverButtonTests/Info.plist;
				IPHONEOS_DEPLOYMENT_TARGET = 13.1;
				LD_RUNPATH_SEARCH_PATHS = (
					"$(inherited)",
					"@executable_path/Frameworks",
					"@loader_path/Frameworks",
				);
				PRODUCT_BUNDLE_IDENTIFIER = com.goodnotes.testHoverButtonTests;
				PRODUCT_NAME = "$(TARGET_NAME)";
				SWIFT_VERSION = 5.0;
				TARGETED_DEVICE_FAMILY = "1,2";
				TEST_HOST = "$(BUILT_PRODUCTS_DIR)/testHoverButton.app/testHoverButton";
			};
			name = Release;
		};
		1A85A47B23EBAB94009C8982 /* Debug */ = {
			isa = XCBuildConfiguration;
			buildSettings = {
				ALWAYS_EMBED_SWIFT_STANDARD_LIBRARIES = YES;
				CODE_SIGN_STYLE = Automatic;
				INFOPLIST_FILE = testHoverButtonUITests/Info.plist;
				LD_RUNPATH_SEARCH_PATHS = (
					"$(inherited)",
					"@executable_path/Frameworks",
					"@loader_path/Frameworks",
				);
				PRODUCT_BUNDLE_IDENTIFIER = com.goodnotes.testHoverButtonUITests;
				PRODUCT_NAME = "$(TARGET_NAME)";
				SWIFT_VERSION = 5.0;
				TARGETED_DEVICE_FAMILY = "1,2";
				TEST_TARGET_NAME = testHoverButton;
			};
			name = Debug;
		};
		1A85A47C23EBAB94009C8982 /* Release */ = {
			isa = XCBuildConfiguration;
			buildSettings = {
				ALWAYS_EMBED_SWIFT_STANDARD_LIBRARIES = YES;
				CODE_SIGN_STYLE = Automatic;
				INFOPLIST_FILE = testHoverButtonUITests/Info.plist;
				LD_RUNPATH_SEARCH_PATHS = (
					"$(inherited)",
					"@executable_path/Frameworks",
					"@loader_path/Frameworks",
				);
				PRODUCT_BUNDLE_IDENTIFIER = com.goodnotes.testHoverButtonUITests;
				PRODUCT_NAME = "$(TARGET_NAME)";
				SWIFT_VERSION = 5.0;
				TARGETED_DEVICE_FAMILY = "1,2";
				TEST_TARGET_NAME = testHoverButton;
			};
			name = Release;
		};
/* End XCBuildConfiguration section */

/* Begin XCConfigurationList section */
		1A85A44523EBAB92009C8982 /* Build configuration list for PBXProject "testHoverButton" */ = {
			isa = XCConfigurationList;
			buildConfigurations = (
				1A85A47223EBAB94009C8982 /* Debug */,
				1A85A47323EBAB94009C8982 /* Release */,
			);
			defaultConfigurationIsVisible = 0;
			defaultConfigurationName = Release;
		};
		1A85A47423EBAB94009C8982 /* Build configuration list for PBXNativeTarget "testHoverButton" */ = {
			isa = XCConfigurationList;
			buildConfigurations = (
				1A85A47523EBAB94009C8982 /* Debug */,
				1A85A47623EBAB94009C8982 /* Release */,
			);
			defaultConfigurationIsVisible = 0;
			defaultConfigurationName = Release;
		};
		1A85A47723EBAB94009C8982 /* Build configuration list for PBXNativeTarget "testHoverButtonTests" */ = {
			isa = XCConfigurationList;
			buildConfigurations = (
				1A85A47823EBAB94009C8982 /* Debug */,
				1A85A47923EBAB94009C8982 /* Release */,
			);
			defaultConfigurationIsVisible = 0;
			defaultConfigurationName = Release;
		};
		1A85A47A23EBAB94009C8982 /* Build configuration list for PBXNativeTarget "testHoverButtonUITests" */ = {
			isa = XCConfigurationList;
			buildConfigurations = (
				1A85A47B23EBAB94009C8982 /* Debug */,
				1A85A47C23EBAB94009C8982 /* Release */,
			);
			defaultConfigurationIsVisible = 0;
			defaultConfigurationName = Release;
		};
/* End XCConfigurationList section */
	};
	rootObject = 1A85A44223EBAB92009C8982 /* Project object */;
}
